
Microsoft Visual Studio Solution File, Format Version 12.00
# Visual Studio Version 17
VisualStudioVersion = 17.10.35027.167
MinimumVisualStudioVersion = 10.0.40219.1
Project("{FAE04EC0-301F-11D3-BF4B-00C04F79EFBC}") = "ExpenseTrackingAPI", "ExpenseTrackingAPI.csproj", "{7CB85ED6-20C9-4FD3-92D4-4E325537C241}"
EndProject
Global
	GlobalSection(SolutionConfigurationPlatforms) = preSolution
		Debug|Any CPU = Debug|Any CPU
		Release|Any CPU = Release|Any CPU
	EndGlobalSection
	GlobalSection(ProjectConfigurationPlatforms) = postSolution
		{7CB85ED6-20C9-4FD3-92D4-4E325537C241}.Debug|Any CPU.ActiveCfg = Debug|Any CPU
		{7CB85ED6-20C9-4FD3-92D4-4E325537C241}.Debug|Any CPU.Build.0 = Debug|Any CPU
		{7CB85ED6-20C9-4FD3-92D4-4E325537C241}.Release|Any CPU.ActiveCfg = Release|Any CPU
		{7CB85ED6-20C9-4FD3-92D4-4E325537C241}.Release|Any CPU.Build.0 = Release|Any CPU
	EndGlobalSection
	GlobalSection(SolutionProperties) = preSolution
		HideSolutionNode = FALSE
	EndGlobalSection
	GlobalSection(ExtensibilityGlobals) = postSolution
		SolutionGuid = {0A7AD6B8-EF94-4666-8B44-17FC58738C7B}
	EndGlobalSection
EndGlobal
